// !$*UTF8*$!
{
	archiveVersion = 1;
	classes = {
	};
	objectVersion = 55;
	objects = {

/* Begin PBXBuildFile section */
		E8092609276A42E700198063 /* WheaterAppApp.swift in Sources */ = {isa = PBXBuildFile; fileRef = E8092608276A42E700198063 /* WheaterAppApp.swift */; };
		E809260D276A42E800198063 /* Assets.xcassets in Resources */ = {isa = PBXBuildFile; fileRef = E809260C276A42E800198063 /* Assets.xcassets */; };
		E8092610276A42E800198063 /* Preview Assets.xcassets in Resources */ = {isa = PBXBuildFile; fileRef = E809260F276A42E800198063 /* Preview Assets.xcassets */; };
		E8092617276A571A00198063 /* WheaterItemList.swift in Sources */ = {isa = PBXBuildFile; fileRef = E8092616276A571A00198063 /* WheaterItemList.swift */; };
		E8092619276A577700198063 /* WheaterInfo.swift in Sources */ = {isa = PBXBuildFile; fileRef = E8092618276A577700198063 /* WheaterInfo.swift */; };
		E83AB2D82785294A006D7556 /* SearchWheaterViewModel.swift in Sources */ = {isa = PBXBuildFile; fileRef = E83AB2D72785294A006D7556 /* SearchWheaterViewModel.swift */; };
		E83AB2DA27852E1F006D7556 /* SearchTextField.swift in Sources */ = {isa = PBXBuildFile; fileRef = E83AB2D927852E1F006D7556 /* SearchTextField.swift */; };
		E8543132276A5F27001E44A5 /* CustomsColors.swift in Sources */ = {isa = PBXBuildFile; fileRef = E8543131276A5F27001E44A5 /* CustomsColors.swift */; };
		E8543136276A73ED001E44A5 /* SearchModalPage.swift in Sources */ = {isa = PBXBuildFile; fileRef = E8543135276A73ED001E44A5 /* SearchModalPage.swift */; };
		E89EA7242787633A008FAE78 /* WheaterInfoView.swift in Sources */ = {isa = PBXBuildFile; fileRef = E89EA7232787633A008FAE78 /* WheaterInfoView.swift */; };
		E8A14FE4277B9C4700C42A95 /* WheaterModelResponse.swift in Sources */ = {isa = PBXBuildFile; fileRef = E8A14FE3277B9C4700C42A95 /* WheaterModelResponse.swift */; };
		E8A14FE6277B9CBE00C42A95 /* WheaterViewModel.swift in Sources */ = {isa = PBXBuildFile; fileRef = E8A14FE5277B9CBE00C42A95 /* WheaterViewModel.swift */; };
		E8A14FE8277BB5B600C42A95 /* WheaterCityModel.swift in Sources */ = {isa = PBXBuildFile; fileRef = E8A14FE7277BB5B600C42A95 /* WheaterCityModel.swift */; };
		E8A14FEA277BB97500C42A95 /* WeatherDataMapper.swift in Sources */ = {isa = PBXBuildFile; fileRef = E8A14FE9277BB97500C42A95 /* WeatherDataMapper.swift */; };
		E8DD4EE1276B715B005294BE /* HomePage.swift in Sources */ = {isa = PBXBuildFile; fileRef = E8DD4EE0276B715B005294BE /* HomePage.swift */; };
		E8E2F2D4278E14A10004FF25 /* UserDefaultHelper.swift in Sources */ = {isa = PBXBuildFile; fileRef = E8E2F2D3278E14A10004FF25 /* UserDefaultHelper.swift */; };
/* End PBXBuildFile section */

/* Begin PBXFileReference section */
		E8092605276A42E700198063 /* WheaterApp.app */ = {isa = PBXFileReference; explicitFileType = wrapper.application; includeInIndex = 0; path = WheaterApp.app; sourceTree = BUILT_PRODUCTS_DIR; };
		E8092608276A42E700198063 /* WheaterAppApp.swift */ = {isa = PBXFileReference; lastKnownFileType = sourcecode.swift; path = WheaterAppApp.swift; sourceTree = "<group>"; };
		E809260C276A42E800198063 /* Assets.xcassets */ = {isa = PBXFileReference; lastKnownFileType = folder.assetcatalog; path = Assets.xcassets; sourceTree = "<group>"; };
		E809260F276A42E800198063 /* Preview Assets.xcassets */ = {isa = PBXFileReference; lastKnownFileType = folder.assetcatalog; path = "Preview Assets.xcassets"; sourceTree = "<group>"; };
		E8092616276A571A00198063 /* WheaterItemList.swift */ = {isa = PBXFileReference; lastKnownFileType = sourcecode.swift; path = WheaterItemList.swift; sourceTree = "<group>"; };
		E8092618276A577700198063 /* WheaterInfo.swift */ = {isa = PBXFileReference; lastKnownFileType = sourcecode.swift; path = WheaterInfo.swift; sourceTree = "<group>"; };
		E83AB2D72785294A006D7556 /* SearchWheaterViewModel.swift */ = {isa = PBXFileReference; lastKnownFileType = sourcecode.swift; path = SearchWheaterViewModel.swift; sourceTree = "<group>"; };
		E83AB2D927852E1F006D7556 /* SearchTextField.swift */ = {isa = PBXFileReference; lastKnownFileType = sourcecode.swift; path = SearchTextField.swift; sourceTree = "<group>"; };
		E8543131276A5F27001E44A5 /* CustomsColors.swift */ = {isa = PBXFileReference; lastKnownFileType = sourcecode.swift; path = CustomsColors.swift; sourceTree = "<group>"; };
		E8543135276A73ED001E44A5 /* SearchModalPage.swift */ = {isa = PBXFileReference; lastKnownFileType = sourcecode.swift; path = SearchModalPage.swift; sourceTree = "<group>"; };
		E89EA7232787633A008FAE78 /* WheaterInfoView.swift */ = {isa = PBXFileReference; lastKnownFileType = sourcecode.swift; path = WheaterInfoView.swift; sourceTree = "<group>"; };
		E8A14FE3277B9C4700C42A95 /* WheaterModelResponse.swift */ = {isa = PBXFileReference; lastKnownFileType = sourcecode.swift; path = WheaterModelResponse.swift; sourceTree = "<group>"; };
		E8A14FE5277B9CBE00C42A95 /* WheaterViewModel.swift */ = {isa = PBXFileReference; lastKnownFileType = sourcecode.swift; path = WheaterViewModel.swift; sourceTree = "<group>"; };
		E8A14FE7277BB5B600C42A95 /* WheaterCityModel.swift */ = {isa = PBXFileReference; lastKnownFileType = sourcecode.swift; path = WheaterCityModel.swift; sourceTree = "<group>"; };
		E8A14FE9277BB97500C42A95 /* WeatherDataMapper.swift */ = {isa = PBXFileReference; lastKnownFileType = sourcecode.swift; path = WeatherDataMapper.swift; sourceTree = "<group>"; };
		E8DD4EE0276B715B005294BE /* HomePage.swift */ = {isa = PBXFileReference; lastKnownFileType = sourcecode.swift; path = HomePage.swift; sourceTree = "<group>"; };
		E8E2F2D3278E14A10004FF25 /* UserDefaultHelper.swift */ = {isa = PBXFileReference; lastKnownFileType = sourcecode.swift; path = UserDefaultHelper.swift; sourceTree = "<group>"; };
/* End PBXFileReference section */

/* Begin PBXFrameworksBuildPhase section */
		E8092602276A42E700198063 /* Frameworks */ = {
			isa = PBXFrameworksBuildPhase;
			buildActionMask = 2147483647;
			files = (
			);
			runOnlyForDeploymentPostprocessing = 0;
		};
/* End PBXFrameworksBuildPhase section */

/* Begin PBXGroup section */
		E80925FC276A42E700198063 = {
			isa = PBXGroup;
			children = (
				E8092607276A42E700198063 /* WheaterApp */,
				E8092606276A42E700198063 /* Products */,
			);
			sourceTree = "<group>";
		};
		E8092606276A42E700198063 /* Products */ = {
			isa = PBXGroup;
			children = (
				E8092605276A42E700198063 /* WheaterApp.app */,
			);
			name = Products;
			sourceTree = "<group>";
		};
		E8092607276A42E700198063 /* WheaterApp */ = {
			isa = PBXGroup;
			children = (
				E8A14FE2277B9B1F00C42A95 /* ViewModel */,
				E8A14FE1277B9B0A00C42A95 /* Model */,
				E87118F1276C431200B77F38 /* utils */,
				E87118EE276C42B500B77F38 /* navigation */,
				E87118ED276C42A100B77F38 /* UI */,
				E8092608276A42E700198063 /* WheaterAppApp.swift */,
				E809260C276A42E800198063 /* Assets.xcassets */,
				E809260E276A42E800198063 /* Preview Content */,
			);
			path = WheaterApp;
			sourceTree = "<group>";
		};
		E809260E276A42E800198063 /* Preview Content */ = {
			isa = PBXGroup;
			children = (
				E809260F276A42E800198063 /* Preview Assets.xcassets */,
			);
			path = "Preview Content";
			sourceTree = "<group>";
		};
		E87118ED276C42A100B77F38 /* UI */ = {
			isa = PBXGroup;
			children = (
				E87118F0276C42D400B77F38 /* search */,
				E87118EF276C42C500B77F38 /* home */,
			);
			path = UI;
			sourceTree = "<group>";
		};
		E87118EE276C42B500B77F38 /* navigation */ = {
			isa = PBXGroup;
			children = (
			);
			path = navigation;
			sourceTree = "<group>";
		};
		E87118EF276C42C500B77F38 /* home */ = {
			isa = PBXGroup;
			children = (
				E8DD4EE0276B715B005294BE /* HomePage.swift */,
				E8092618276A577700198063 /* WheaterInfo.swift */,
				E8092616276A571A00198063 /* WheaterItemList.swift */,
			);
			path = home;
			sourceTree = "<group>";
		};
		E87118F0276C42D400B77F38 /* search */ = {
			isa = PBXGroup;
			children = (
				E8543135276A73ED001E44A5 /* SearchModalPage.swift */,
				E83AB2D927852E1F006D7556 /* SearchTextField.swift */,
				E89EA7232787633A008FAE78 /* WheaterInfoView.swift */,
			);
			path = search;
			sourceTree = "<group>";
		};
		E87118F1276C431200B77F38 /* utils */ = {
			isa = PBXGroup;
			children = (
				E8543131276A5F27001E44A5 /* CustomsColors.swift */,
				E8E2F2D3278E14A10004FF25 /* UserDefaultHelper.swift */,
			);
			path = utils;
			sourceTree = "<group>";
		};
		E8A14FE1277B9B0A00C42A95 /* Model */ = {
			isa = PBXGroup;
			children = (
				E8A14FE3277B9C4700C42A95 /* WheaterModelResponse.swift */,
				E8A14FE7277BB5B600C42A95 /* WheaterCityModel.swift */,
				E8A14FE9277BB97500C42A95 /* WeatherDataMapper.swift */,
			);
			path = Model;
			sourceTree = "<group>";
		};
		E8A14FE2277B9B1F00C42A95 /* ViewModel */ = {
			isa = PBXGroup;
			children = (
				E8A14FE5277B9CBE00C42A95 /* WheaterViewModel.swift */,
				E83AB2D72785294A006D7556 /* SearchWheaterViewModel.swift */,
			);
			path = ViewModel;
			sourceTree = "<group>";
		};
/* End PBXGroup section */

/* Begin PBXNativeTarget section */
		E8092604276A42E700198063 /* WheaterApp */ = {
			isa = PBXNativeTarget;
			buildConfigurationList = E8092613276A42E800198063 /* Build configuration list for PBXNativeTarget "WheaterApp" */;
			buildPhases = (
				E8092601276A42E700198063 /* Sources */,
				E8092602276A42E700198063 /* Frameworks */,
				E8092603276A42E700198063 /* Resources */,
			);
			buildRules = (
			);
			dependencies = (
			);
			name = WheaterApp;
			productName = WheaterApp;
			productReference = E8092605276A42E700198063 /* WheaterApp.app */;
			productType = "com.apple.product-type.application";
		};
/* End PBXNativeTarget section */

/* Begin PBXProject section */
		E80925FD276A42E700198063 /* Project object */ = {
			isa = PBXProject;
			attributes = {
				BuildIndependentTargetsInParallel = 1;
				LastSwiftUpdateCheck = 1310;
				LastUpgradeCheck = 1310;
				TargetAttributes = {
					E8092604276A42E700198063 = {
						CreatedOnToolsVersion = 13.1;
					};
				};
			};
			buildConfigurationList = E8092600276A42E700198063 /* Build configuration list for PBXProject "WheaterApp" */;
			compatibilityVersion = "Xcode 13.0";
			developmentRegion = en;
			hasScannedForEncodings = 0;
			knownRegions = (
				en,
				Base,
			);
			mainGroup = E80925FC276A42E700198063;
			productRefGroup = E8092606276A42E700198063 /* Products */;
			projectDirPath = "";
			projectRoot = "";
			targets = (
				E8092604276A42E700198063 /* WheaterApp */,
			);
		};
/* End PBXProject section */

/* Begin PBXResourcesBuildPhase section */
		E8092603276A42E700198063 /* Resources */ = {
			isa = PBXResourcesBuildPhase;
			buildActionMask = 2147483647;
			files = (
				E8092610276A42E800198063 /* Preview Assets.xcassets in Resources */,
				E809260D276A42E800198063 /* Assets.xcassets in Resources */,
			);
			runOnlyForDeploymentPostprocessing = 0;
		};
/* End PBXResourcesBuildPhase section */

/* Begin PBXSourcesBuildPhase section */
		E8092601276A42E700198063 /* Sources */ = {
			isa = PBXSourcesBuildPhase;
			buildActionMask = 2147483647;
			files = (
				E8092619276A577700198063 /* WheaterInfo.swift in Sources */,
				E89EA7242787633A008FAE78 /* WheaterInfoView.swift in Sources */,
				E8E2F2D4278E14A10004FF25 /* UserDefaultHelper.swift in Sources */,
				E8A14FEA277BB97500C42A95 /* WeatherDataMapper.swift in Sources */,
				E8092617276A571A00198063 /* WheaterItemList.swift in Sources */,
				E8543136276A73ED001E44A5 /* SearchModalPage.swift in Sources */,
				E8A14FE6277B9CBE00C42A95 /* WheaterViewModel.swift in Sources */,
				E8A14FE8277BB5B600C42A95 /* WheaterCityModel.swift in Sources */,
				E8092609276A42E700198063 /* WheaterAppApp.swift in Sources */,
				E8A14FE4277B9C4700C42A95 /* WheaterModelResponse.swift in Sources */,
				E83AB2D82785294A006D7556 /* SearchWheaterViewModel.swift in Sources */,
				E8543132276A5F27001E44A5 /* CustomsColors.swift in Sources */,
				E8DD4EE1276B715B005294BE /* HomePage.swift in Sources */,
				E83AB2DA27852E1F006D7556 /* SearchTextField.swift in Sources */,
			);
			runOnlyForDeploymentPostprocessing = 0;
		};
/* End PBXSourcesBuildPhase section */

/* Begin XCBuildConfiguration section */
		E8092611276A42E800198063 /* Debug */ = {
			isa = XCBuildConfiguration;
			buildSettings = {
				ALWAYS_SEARCH_USER_PATHS = NO;
				CLANG_ANALYZER_NONNULL = YES;
				CLANG_ANALYZER_NUMBER_OBJECT_CONVERSION = YES_AGGRESSIVE;
				CLANG_CXX_LANGUAGE_STANDARD = "gnu++17";
				CLANG_CXX_LIBRARY = "libc++";
				CLANG_ENABLE_MODULES = YES;
				CLANG_ENABLE_OBJC_ARC = YES;
				CLANG_ENABLE_OBJC_WEAK = YES;
				CLANG_WARN_BLOCK_CAPTURE_AUTORELEASING = YES;
				CLANG_WARN_BOOL_CONVERSION = YES;
				CLANG_WARN_COMMA = YES;
				CLANG_WARN_CONSTANT_CONVERSION = YES;
				CLANG_WARN_DEPRECATED_OBJC_IMPLEMENTATIONS = YES;
				CLANG_WARN_DIRECT_OBJC_ISA_USAGE = YES_ERROR;
				CLANG_WARN_DOCUMENTATION_COMMENTS = YES;
				CLANG_WARN_EMPTY_BODY = YES;
				CLANG_WARN_ENUM_CONVERSION = YES;
				CLANG_WARN_INFINITE_RECURSION = YES;
				CLANG_WARN_INT_CONVERSION = YES;
				CLANG_WARN_NON_LITERAL_NULL_CONVERSION = YES;
				CLANG_WARN_OBJC_IMPLICIT_RETAIN_SELF = YES;
				CLANG_WARN_OBJC_LITERAL_CONVERSION = YES;
				CLANG_WARN_OBJC_ROOT_CLASS = YES_ERROR;
				CLANG_WARN_QUOTED_INCLUDE_IN_FRAMEWORK_HEADER = YES;
				CLANG_WARN_RANGE_LOOP_ANALYSIS = YES;
				CLANG_WARN_STRICT_PROTOTYPES = YES;
				CLANG_WARN_SUSPICIOUS_MOVE = YES;
				CLANG_WARN_UNGUARDED_AVAILABILITY = YES_AGGRESSIVE;
				CLANG_WARN_UNREACHABLE_CODE = YES;
				CLANG_WARN__DUPLICATE_METHOD_MATCH = YES;
				COPY_PHASE_STRIP = NO;
				DEBUG_INFORMATION_FORMAT = dwarf;
				ENABLE_STRICT_OBJC_MSGSEND = YES;
				ENABLE_TESTABILITY = YES;
				GCC_C_LANGUAGE_STANDARD = gnu11;
				GCC_DYNAMIC_NO_PIC = NO;
				GCC_NO_COMMON_BLOCKS = YES;
				GCC_OPTIMIZATION_LEVEL = 0;
				GCC_PREPROCESSOR_DEFINITIONS = (
					"DEBUG=1",
					"$(inherited)",
				);
				GCC_WARN_64_TO_32_BIT_CONVERSION = YES;
				GCC_WARN_ABOUT_RETURN_TYPE = YES_ERROR;
				GCC_WARN_UNDECLARED_SELECTOR = YES;
				GCC_WARN_UNINITIALIZED_AUTOS = YES_AGGRESSIVE;
				GCC_WARN_UNUSED_FUNCTION = YES;
				GCC_WARN_UNUSED_VARIABLE = YES;
				IPHONEOS_DEPLOYMENT_TARGET = 15.0;
				MTL_ENABLE_DEBUG_INFO = INCLUDE_SOURCE;
				MTL_FAST_MATH = YES;
				ONLY_ACTIVE_ARCH = YES;
				SDKROOT = iphoneos;
				SWIFT_ACTIVE_COMPILATION_CONDITIONS = DEBUG;
				SWIFT_OPTIMIZATION_LEVEL = "-Onone";
			};
			name = Debug;
		};
		E8092612276A42E800198063 /* Release */ = {
			isa = XCBuildConfiguration;
			buildSettings = {
				ALWAYS_SEARCH_USER_PATHS = NO;
				CLANG_ANALYZER_NONNULL = YES;
				CLANG_ANALYZER_NUMBER_OBJECT_CONVERSION = YES_AGGRESSIVE;
				CLANG_CXX_LANGUAGE_STANDARD = "gnu++17";
				CLANG_CXX_LIBRARY = "libc++";
				CLANG_ENABLE_MODULES = YES;
				CLANG_ENABLE_OBJC_ARC = YES;
				CLANG_ENABLE_OBJC_WEAK = YES;
				CLANG_WARN_BLOCK_CAPTURE_AUTORELEASING = YES;
				CLANG_WARN_BOOL_CONVERSION = YES;
				CLANG_WARN_COMMA = YES;
				CLANG_WARN_CONSTANT_CONVERSION = YES;
				CLANG_WARN_DEPRECATED_OBJC_IMPLEMENTATIONS = YES;
				CLANG_WARN_DIRECT_OBJC_ISA_USAGE = YES_ERROR;
				CLANG_WARN_DOCUMENTATION_COMMENTS = YES;
				CLANG_WARN_EMPTY_BODY = YES;
				CLANG_WARN_ENUM_CONVERSION = YES;
				CLANG_WARN_INFINITE_RECURSION = YES;
				CLANG_WARN_INT_CONVERSION = YES;
				CLANG_WARN_NON_LITERAL_NULL_CONVERSION = YES;
				CLANG_WARN_OBJC_IMPLICIT_RETAIN_SELF = YES;
				CLANG_WARN_OBJC_LITERAL_CONVERSION = YES;
				CLANG_WARN_OBJC_ROOT_CLASS = YES_ERROR;
				CLANG_WARN_QUOTED_INCLUDE_IN_FRAMEWORK_HEADER = YES;
				CLANG_WARN_RANGE_LOOP_ANALYSIS = YES;
				CLANG_WARN_STRICT_PROTOTYPES = YES;
				CLANG_WARN_SUSPICIOUS_MOVE = YES;
				CLANG_WARN_UNGUARDED_AVAILABILITY = YES_AGGRESSIVE;
				CLANG_WARN_UNREACHABLE_CODE = YES;
				CLANG_WARN__DUPLICATE_METHOD_MATCH = YES;
				COPY_PHASE_STRIP = NO;
				DEBUG_INFORMATION_FORMAT = "dwarf-with-dsym";
				ENABLE_NS_ASSERTIONS = NO;
				ENABLE_STRICT_OBJC_MSGSEND = YES;
				GCC_C_LANGUAGE_STANDARD = gnu11;
				GCC_NO_COMMON_BLOCKS = YES;
				GCC_WARN_64_TO_32_BIT_CONVERSION = YES;
				GCC_WARN_ABOUT_RETURN_TYPE = YES_ERROR;
				GCC_WARN_UNDECLARED_SELECTOR = YES;
				GCC_WARN_UNINITIALIZED_AUTOS = YES_AGGRESSIVE;
				GCC_WARN_UNUSED_FUNCTION = YES;
				GCC_WARN_UNUSED_VARIABLE = YES;
				IPHONEOS_DEPLOYMENT_TARGET = 15.0;
				MTL_ENABLE_DEBUG_INFO = NO;
				MTL_FAST_MATH = YES;
				SDKROOT = iphoneos;
				SWIFT_COMPILATION_MODE = wholemodule;
				SWIFT_OPTIMIZATION_LEVEL = "-O";
				VALIDATE_PRODUCT = YES;
			};
			name = Release;
		};
		E8092614276A42E800198063 /* Debug */ = {
			isa = XCBuildConfiguration;
			buildSettings = {
				ASSETCATALOG_COMPILER_APPICON_NAME = AppIcon;
				ASSETCATALOG_COMPILER_GLOBAL_ACCENT_COLOR_NAME = AccentColor;
				CODE_SIGN_STYLE = Automatic;
				CURRENT_PROJECT_VERSION = 1;
				DEVELOPMENT_ASSET_PATHS = "\"WheaterApp/Preview Content\"";
				DEVELOPMENT_TEAM = V63946B23G;
				ENABLE_PREVIEWS = YES;
				GENERATE_INFOPLIST_FILE = YES;
				INFOPLIST_KEY_UIApplicationSceneManifest_Generation = YES;
				INFOPLIST_KEY_UIApplicationSupportsIndirectInputEvents = YES;
				INFOPLIST_KEY_UILaunchScreen_Generation = YES;
				INFOPLIST_KEY_UISupportedInterfaceOrientations_iPad = "UIInterfaceOrientationPortrait UIInterfaceOrientationPortraitUpsideDown UIInterfaceOrientationLandscapeLeft UIInterfaceOrientationLandscapeRight";
				INFOPLIST_KEY_UISupportedInterfaceOrientations_iPhone = "UIInterfaceOrientationPortrait UIInterfaceOrientationLandscapeLeft UIInterfaceOrientationLandscapeRight";
				LD_RUNPATH_SEARCH_PATHS = (
					"$(inherited)",
					"@executable_path/Frameworks",
				);
				MARKETING_VERSION = 1.0;
				PRODUCT_BUNDLE_IDENTIFIER = com.hefestSoft.WheaterApp;
				PRODUCT_NAME = "$(TARGET_NAME)";
				SWIFT_EMIT_LOC_STRINGS = YES;
				SWIFT_VERSION = 5.0;
				TARGETED_DEVICE_FAMILY = "1,2";
			};
			name = Debug;
		};
		E8092615276A42E800198063 /* Release */ = {
			isa = XCBuildConfiguration;
			buildSettings = {
				ASSETCATALOG_COMPILER_APPICON_NAME = AppIcon;
				ASSETCATALOG_COMPILER_GLOBAL_ACCENT_COLOR_NAME = AccentColor;
				CODE_SIGN_STYLE = Automatic;
				CURRENT_PROJECT_VERSION = 1;
				DEVELOPMENT_ASSET_PATHS = "\"WheaterApp/Preview Content\"";
				DEVELOPMENT_TEAM = V63946B23G;
				ENABLE_PREVIEWS = YES;
				GENERATE_INFOPLIST_FILE = YES;
				INFOPLIST_KEY_UIApplicationSceneManifest_Generation = YES;
				INFOPLIST_KEY_UIApplicationSupportsIndirectInputEvents = YES;
				INFOPLIST_KEY_UILaunchScreen_Generation = YES;
				INFOPLIST_KEY_UISupportedInterfaceOrientations_iPad = "UIInterfaceOrientationPortrait UIInterfaceOrientationPortraitUpsideDown UIInterfaceOrientationLandscapeLeft UIInterfaceOrientationLandscapeRight";
				INFOPLIST_KEY_UISupportedInterfaceOrientations_iPhone = "UIInterfaceOrientationPortrait UIInterfaceOrientationLandscapeLeft UIInterfaceOrientationLandscapeRight";
				LD_RUNPATH_SEARCH_PATHS = (
					"$(inherited)",
					"@executable_path/Frameworks",
				);
				MARKETING_VERSION = 1.0;
				PRODUCT_BUNDLE_IDENTIFIER = com.hefestSoft.WheaterApp;
				PRODUCT_NAME = "$(TARGET_NAME)";
				SWIFT_EMIT_LOC_STRINGS = YES;
				SWIFT_VERSION = 5.0;
				TARGETED_DEVICE_FAMILY = "1,2";
			};
			name = Release;
		};
/* End XCBuildConfiguration section */

/* Begin XCConfigurationList section */
		E8092600276A42E700198063 /* Build configuration list for PBXProject "WheaterApp" */ = {
			isa = XCConfigurationList;
			buildConfigurations = (
				E8092611276A42E800198063 /* Debug */,
				E8092612276A42E800198063 /* Release */,
			);
			defaultConfigurationIsVisible = 0;
			defaultConfigurationName = Release;
		};
		E8092613276A42E800198063 /* Build configuration list for PBXNativeTarget "WheaterApp" */ = {
			isa = XCConfigurationList;
			buildConfigurations = (
				E8092614276A42E800198063 /* Debug */,
				E8092615276A42E800198063 /* Release */,
			);
			defaultConfigurationIsVisible = 0;
			defaultConfigurationName = Release;
		};
/* End XCConfigurationList section */
	};
	rootObject = E80925FD276A42E700198063 /* Project object */;
}
